
Microsoft Visual Studio Solution File, Format Version 12.00
# Visual Studio 15
VisualStudioVersion = 15.0.27004.2008
MinimumVisualStudioVersion = 10.0.40219.1
Project("{FAE04EC0-301F-11D3-BF4B-00C04F79EFBC}") = "ES.FX.JS.Gulp.Resx", "ES.FX.JS.Gulp.Resx\ES.FX.JS.Gulp.Resx.csproj", "{C74E6629-03E9-4C4B-8AFA-F5E24FF63231}"
EndProject
Project("{2150E333-8FDC-42A3-9474-1A3956D46DE8}") = "Solution Items", "Solution Items", "{72E32068-ABC8-4CC8-B21D-134854E532F7}"
	ProjectSection(SolutionItems) = preProject
		.gitignore = .gitignore
		LICENSE = LICENSE
		README.md = README.md
	EndProjectSection
EndProject
Global
	GlobalSection(SolutionConfigurationPlatforms) = preSolution
		Debug|Any CPU = Debug|Any CPU
		Release|Any CPU = Release|Any CPU
	EndGlobalSection
	GlobalSection(ProjectConfigurationPlatforms) = postSolution
		{C74E6629-03E9-4C4B-8AFA-F5E24FF63231}.Debug|Any CPU.ActiveCfg = Debug|Any CPU
		{C74E6629-03E9-4C4B-8AFA-F5E24FF63231}.Debug|Any CPU.Build.0 = Debug|Any CPU
		{C74E6629-03E9-4C4B-8AFA-F5E24FF63231}.Release|Any CPU.ActiveCfg = Release|Any CPU
		{C74E6629-03E9-4C4B-8AFA-F5E24FF63231}.Release|Any CPU.Build.0 = Release|Any CPU
	EndGlobalSection
	GlobalSection(SolutionProperties) = preSolution
		HideSolutionNode = FALSE
	EndGlobalSection
	GlobalSection(ExtensibilityGlobals) = postSolution
		SolutionGuid = {8EA464B7-BE97-4ED7-A67A-B5736D52C06A}
	EndGlobalSection
EndGlobal
